
Microsoft Visual Studio Solution File, Format Version 12.00
# Visual Studio Version 16
VisualStudioVersion = 16.0.30907.101
MinimumVisualStudioVersion = 10.0.40219.1
Project("{9A19103F-16F7-4668-BE54-9A1E7A4F7556}") = "01CountCharsInAString", "CountCharsInAString\01CountCharsInAString.csproj", "{674930C6-F7CF-4D17-AE4F-9E41AC9FE4B3}"
EndProject
Project("{9A19103F-16F7-4668-BE54-9A1E7A4F7556}") = "02AMinerTask", "AMinerTask\02AMinerTask.csproj", "{6737E554-3631-40E0-93A6-1C78D33D09DF}"
EndProject
Project("{9A19103F-16F7-4668-BE54-9A1E7A4F7556}") = "03LegendaryFarming", "LegendaryFarming\03LegendaryFarming.csproj", "{A13ECC16-69BB-43C9-96BA-15FA9991C5C1}"
EndProject
Project("{9A19103F-16F7-4668-BE54-9A1E7A4F7556}") = "04Orders", "Orders\04Orders.csproj", "{555A131C-6886-4E33-BF1D-F12FF2ADA4FE}"
EndProject
Project("{9A19103F-16F7-4668-BE54-9A1E7A4F7556}") = "05SoftUniParking", "SoftUniParking\05SoftUniParking.csproj", "{2B151D44-40AB-48D8-AB96-75F859CADB67}"
EndProject
Project("{9A19103F-16F7-4668-BE54-9A1E7A4F7556}") = "06Courses", "Courses\06Courses.csproj", "{D806482A-132A-44D8-8379-48AD1F4CFCAC}"
EndProject
Project("{9A19103F-16F7-4668-BE54-9A1E7A4F7556}") = "07StudentAcademy", "StudentAcademy\07StudentAcademy.csproj", "{AB0159B3-3A6B-4E0E-9A4B-4B1BCE98F056}"
EndProject
Project("{9A19103F-16F7-4668-BE54-9A1E7A4F7556}") = "08CompanyUsers", "CompanyUsers\08CompanyUsers.csproj", "{51FBDEEA-72F4-4F59-ACE9-F659C0604AD9}"
EndProject
Project("{FAE04EC0-301F-11D3-BF4B-00C04F79EFBC}") = "09ForceBook", "ForceBook\09ForceBook.csproj", "{DD1A60D0-B5C5-4AF5-8508-F086BE37D4A2}"
EndProject
Project("{FAE04EC0-301F-11D3-BF4B-00C04F79EFBC}") = "10SoftUniExamResults", "SoftUniExamResults\10SoftUniExamResults.csproj", "{C13A4C86-D4BE-4973-9B8B-F2C402A261D1}"
EndProject
Global
	GlobalSection(SolutionConfigurationPlatforms) = preSolution
		Debug|Any CPU = Debug|Any CPU
		Release|Any CPU = Release|Any CPU
	EndGlobalSection
	GlobalSection(ProjectConfigurationPlatforms) = postSolution
		{674930C6-F7CF-4D17-AE4F-9E41AC9FE4B3}.Debug|Any CPU.ActiveCfg = Debug|Any CPU
		{674930C6-F7CF-4D17-AE4F-9E41AC9FE4B3}.Debug|Any CPU.Build.0 = Debug|Any CPU
		{674930C6-F7CF-4D17-AE4F-9E41AC9FE4B3}.Release|Any CPU.ActiveCfg = Release|Any CPU
		{674930C6-F7CF-4D17-AE4F-9E41AC9FE4B3}.Release|Any CPU.Build.0 = Release|Any CPU
		{6737E554-3631-40E0-93A6-1C78D33D09DF}.Debug|Any CPU.ActiveCfg = Debug|Any CPU
		{6737E554-3631-40E0-93A6-1C78D33D09DF}.Debug|Any CPU.Build.0 = Debug|Any CPU
		{6737E554-3631-40E0-93A6-1C78D33D09DF}.Release|Any CPU.ActiveCfg = Release|Any CPU
		{6737E554-3631-40E0-93A6-1C78D33D09DF}.Release|Any CPU.Build.0 = Release|Any CPU
		{A13ECC16-69BB-43C9-96BA-15FA9991C5C1}.Debug|Any CPU.ActiveCfg = Debug|Any CPU
		{A13ECC16-69BB-43C9-96BA-15FA9991C5C1}.Debug|Any CPU.Build.0 = Debug|Any CPU
		{A13ECC16-69BB-43C9-96BA-15FA9991C5C1}.Release|Any CPU.ActiveCfg = Release|Any CPU
		{A13ECC16-69BB-43C9-96BA-15FA9991C5C1}.Release|Any CPU.Build.0 = Release|Any CPU
		{555A131C-6886-4E33-BF1D-F12FF2ADA4FE}.Debug|Any CPU.ActiveCfg = Debug|Any CPU
		{555A131C-6886-4E33-BF1D-F12FF2ADA4FE}.Debug|Any CPU.Build.0 = Debug|Any CPU
		{555A131C-6886-4E33-BF1D-F12FF2ADA4FE}.Release|Any CPU.ActiveCfg = Release|Any CPU
		{555A131C-6886-4E33-BF1D-F12FF2ADA4FE}.Release|Any CPU.Build.0 = Release|Any CPU
		{2B151D44-40AB-48D8-AB96-75F859CADB67}.Debug|Any CPU.ActiveCfg = Debug|Any CPU
		{2B151D44-40AB-48D8-AB96-75F859CADB67}.Debug|Any CPU.Build.0 = Debug|Any CPU
		{2B151D44-40AB-48D8-AB96-75F859CADB67}.Release|Any CPU.ActiveCfg = Release|Any CPU
		{2B151D44-40AB-48D8-AB96-75F859CADB67}.Release|Any CPU.Build.0 = Release|Any CPU
		{D806482A-132A-44D8-8379-48AD1F4CFCAC}.Debug|Any CPU.ActiveCfg = Debug|Any CPU
		{D806482A-132A-44D8-8379-48AD1F4CFCAC}.Debug|Any CPU.Build.0 = Debug|Any CPU
		{D806482A-132A-44D8-8379-48AD1F4CFCAC}.Release|Any CPU.ActiveCfg = Release|Any CPU
		{D806482A-132A-44D8-8379-48AD1F4CFCAC}.Release|Any CPU.Build.0 = Release|Any CPU
		{AB0159B3-3A6B-4E0E-9A4B-4B1BCE98F056}.Debug|Any CPU.ActiveCfg = Debug|Any CPU
		{AB0159B3-3A6B-4E0E-9A4B-4B1BCE98F056}.Debug|Any CPU.Build.0 = Debug|Any CPU
		{AB0159B3-3A6B-4E0E-9A4B-4B1BCE98F056}.Release|Any CPU.ActiveCfg = Release|Any CPU
		{AB0159B3-3A6B-4E0E-9A4B-4B1BCE98F056}.Release|Any CPU.Build.0 = Release|Any CPU
		{51FBDEEA-72F4-4F59-ACE9-F659C0604AD9}.Debug|Any CPU.ActiveCfg = Debug|Any CPU
		{51FBDEEA-72F4-4F59-ACE9-F659C0604AD9}.Debug|Any CPU.Build.0 = Debug|Any CPU
		{51FBDEEA-72F4-4F59-ACE9-F659C0604AD9}.Release|Any CPU.ActiveCfg = Release|Any CPU
		{51FBDEEA-72F4-4F59-ACE9-F659C0604AD9}.Release|Any CPU.Build.0 = Release|Any CPU
		{DD1A60D0-B5C5-4AF5-8508-F086BE37D4A2}.Debug|Any CPU.ActiveCfg = Debug|Any CPU
		{DD1A60D0-B5C5-4AF5-8508-F086BE37D4A2}.Debug|Any CPU.Build.0 = Debug|Any CPU
		{DD1A60D0-B5C5-4AF5-8508-F086BE37D4A2}.Release|Any CPU.ActiveCfg = Release|Any CPU
		{DD1A60D0-B5C5-4AF5-8508-F086BE37D4A2}.Release|Any CPU.Build.0 = Release|Any CPU
		{C13A4C86-D4BE-4973-9B8B-F2C402A261D1}.Debug|Any CPU.ActiveCfg = Debug|Any CPU
		{C13A4C86-D4BE-4973-9B8B-F2C402A261D1}.Debug|Any CPU.Build.0 = Debug|Any CPU
		{C13A4C86-D4BE-4973-9B8B-F2C402A261D1}.Release|Any CPU.ActiveCfg = Release|Any CPU
		{C13A4C86-D4BE-4973-9B8B-F2C402A261D1}.Release|Any CPU.Build.0 = Release|Any CPU
	EndGlobalSection
	GlobalSection(SolutionProperties) = preSolution
		HideSolutionNode = FALSE
	EndGlobalSection
	GlobalSection(ExtensibilityGlobals) = postSolution
		SolutionGuid = {C40514E3-448F-4FE6-8D5C-476F47D09CF5}
	EndGlobalSection
EndGlobal
