
Microsoft Visual Studio Solution File, Format Version 12.00
# Visual Studio Version 16
VisualStudioVersion = 16.0.30907.101
MinimumVisualStudioVersion = 10.0.40219.1
Project("{9A19103F-16F7-4668-BE54-9A1E7A4F7556}") = "01BasicStackOperations", "BasicStackOperations\01BasicStackOperations.csproj", "{7A6294AB-2BD4-49B6-A5A6-6B8D5DB400D8}"
EndProject
Project("{9A19103F-16F7-4668-BE54-9A1E7A4F7556}") = "02BasicQueueOperations", "BasicQueueOperations\02BasicQueueOperations.csproj", "{6815F980-0CE4-4D2D-98AB-D79399078FB7}"
EndProject
Project("{9A19103F-16F7-4668-BE54-9A1E7A4F7556}") = "03MaximumAndMinimumElement", "MaximumAndMinimumElement\03MaximumAndMinimumElement.csproj", "{3FA3E0C6-4213-4D70-AE0B-6648D367E65E}"
EndProject
Project("{9A19103F-16F7-4668-BE54-9A1E7A4F7556}") = "04FastFood", "FastFood\04FastFood.csproj", "{00B55235-FA1C-4B3E-842B-26589A4696B1}"
EndProject
Project("{9A19103F-16F7-4668-BE54-9A1E7A4F7556}") = "05FashionBoutique", "FashionBoutique\05FashionBoutique.csproj", "{725A3AAD-97D3-4DDD-8FFA-EC3AF7AEE4C6}"
EndProject
Project("{9A19103F-16F7-4668-BE54-9A1E7A4F7556}") = "06SongsQueue", "SongsQueue\06SongsQueue.csproj", "{6E3871F5-41E4-43FD-8EBC-9ED758EC931E}"
EndProject
Project("{9A19103F-16F7-4668-BE54-9A1E7A4F7556}") = "07TruckTour", "TruckTour\07TruckTour.csproj", "{A9F9DAF8-D656-4724-A1DD-BA5AB43BCC59}"
EndProject
Project("{9A19103F-16F7-4668-BE54-9A1E7A4F7556}") = "08BalancedParenthesis", "BalancedParenthesis\08BalancedParenthesis.csproj", "{92B4AD5C-3BCC-434D-8EAD-B1220ABBFF4E}"
EndProject
Project("{9A19103F-16F7-4668-BE54-9A1E7A4F7556}") = "09SimpleTextEditor", "SimpleTextEditor\09SimpleTextEditor.csproj", "{0985B20A-B37E-4BEC-835C-13B12A5A2070}"
EndProject
Project("{9A19103F-16F7-4668-BE54-9A1E7A4F7556}") = "10Crossroads", "Crossroads\10Crossroads.csproj", "{7184C8A0-5795-45E3-A795-EBDA61EF6879}"
EndProject
Project("{9A19103F-16F7-4668-BE54-9A1E7A4F7556}") = "11KeyRevolver", "KeyRevolver\11KeyRevolver.csproj", "{E968E47E-313A-4B8B-8F47-1F08B8DD4082}"
EndProject
Project("{FAE04EC0-301F-11D3-BF4B-00C04F79EFBC}") = "12CupsAndBottles", "CupsAndBottles\12CupsAndBottles.csproj", "{F3EAA57B-27E8-4D66-9A2B-6B282C7B1BB9}"
EndProject
Global
	GlobalSection(SolutionConfigurationPlatforms) = preSolution
		Debug|Any CPU = Debug|Any CPU
		Release|Any CPU = Release|Any CPU
	EndGlobalSection
	GlobalSection(ProjectConfigurationPlatforms) = postSolution
		{7A6294AB-2BD4-49B6-A5A6-6B8D5DB400D8}.Debug|Any CPU.ActiveCfg = Debug|Any CPU
		{7A6294AB-2BD4-49B6-A5A6-6B8D5DB400D8}.Debug|Any CPU.Build.0 = Debug|Any CPU
		{7A6294AB-2BD4-49B6-A5A6-6B8D5DB400D8}.Release|Any CPU.ActiveCfg = Release|Any CPU
		{7A6294AB-2BD4-49B6-A5A6-6B8D5DB400D8}.Release|Any CPU.Build.0 = Release|Any CPU
		{6815F980-0CE4-4D2D-98AB-D79399078FB7}.Debug|Any CPU.ActiveCfg = Debug|Any CPU
		{6815F980-0CE4-4D2D-98AB-D79399078FB7}.Debug|Any CPU.Build.0 = Debug|Any CPU
		{6815F980-0CE4-4D2D-98AB-D79399078FB7}.Release|Any CPU.ActiveCfg = Release|Any CPU
		{6815F980-0CE4-4D2D-98AB-D79399078FB7}.Release|Any CPU.Build.0 = Release|Any CPU
		{3FA3E0C6-4213-4D70-AE0B-6648D367E65E}.Debug|Any CPU.ActiveCfg = Debug|Any CPU
		{3FA3E0C6-4213-4D70-AE0B-6648D367E65E}.Debug|Any CPU.Build.0 = Debug|Any CPU
		{3FA3E0C6-4213-4D70-AE0B-6648D367E65E}.Release|Any CPU.ActiveCfg = Release|Any CPU
		{3FA3E0C6-4213-4D70-AE0B-6648D367E65E}.Release|Any CPU.Build.0 = Release|Any CPU
		{00B55235-FA1C-4B3E-842B-26589A4696B1}.Debug|Any CPU.ActiveCfg = Debug|Any CPU
		{00B55235-FA1C-4B3E-842B-26589A4696B1}.Debug|Any CPU.Build.0 = Debug|Any CPU
		{00B55235-FA1C-4B3E-842B-26589A4696B1}.Release|Any CPU.ActiveCfg = Release|Any CPU
		{00B55235-FA1C-4B3E-842B-26589A4696B1}.Release|Any CPU.Build.0 = Release|Any CPU
		{725A3AAD-97D3-4DDD-8FFA-EC3AF7AEE4C6}.Debug|Any CPU.ActiveCfg = Debug|Any CPU
		{725A3AAD-97D3-4DDD-8FFA-EC3AF7AEE4C6}.Debug|Any CPU.Build.0 = Debug|Any CPU
		{725A3AAD-97D3-4DDD-8FFA-EC3AF7AEE4C6}.Release|Any CPU.ActiveCfg = Release|Any CPU
		{725A3AAD-97D3-4DDD-8FFA-EC3AF7AEE4C6}.Release|Any CPU.Build.0 = Release|Any CPU
		{6E3871F5-41E4-43FD-8EBC-9ED758EC931E}.Debug|Any CPU.ActiveCfg = Debug|Any CPU
		{6E3871F5-41E4-43FD-8EBC-9ED758EC931E}.Debug|Any CPU.Build.0 = Debug|Any CPU
		{6E3871F5-41E4-43FD-8EBC-9ED758EC931E}.Release|Any CPU.ActiveCfg = Release|Any CPU
		{6E3871F5-41E4-43FD-8EBC-9ED758EC931E}.Release|Any CPU.Build.0 = Release|Any CPU
		{A9F9DAF8-D656-4724-A1DD-BA5AB43BCC59}.Debug|Any CPU.ActiveCfg = Debug|Any CPU
		{A9F9DAF8-D656-4724-A1DD-BA5AB43BCC59}.Debug|Any CPU.Build.0 = Debug|Any CPU
		{A9F9DAF8-D656-4724-A1DD-BA5AB43BCC59}.Release|Any CPU.ActiveCfg = Release|Any CPU
		{A9F9DAF8-D656-4724-A1DD-BA5AB43BCC59}.Release|Any CPU.Build.0 = Release|Any CPU
		{92B4AD5C-3BCC-434D-8EAD-B1220ABBFF4E}.Debug|Any CPU.ActiveCfg = Debug|Any CPU
		{92B4AD5C-3BCC-434D-8EAD-B1220ABBFF4E}.Debug|Any CPU.Build.0 = Debug|Any CPU
		{92B4AD5C-3BCC-434D-8EAD-B1220ABBFF4E}.Release|Any CPU.ActiveCfg = Release|Any CPU
		{92B4AD5C-3BCC-434D-8EAD-B1220ABBFF4E}.Release|Any CPU.Build.0 = Release|Any CPU
		{0985B20A-B37E-4BEC-835C-13B12A5A2070}.Debug|Any CPU.ActiveCfg = Debug|Any CPU
		{0985B20A-B37E-4BEC-835C-13B12A5A2070}.Debug|Any CPU.Build.0 = Debug|Any CPU
		{0985B20A-B37E-4BEC-835C-13B12A5A2070}.Release|Any CPU.ActiveCfg = Release|Any CPU
		{0985B20A-B37E-4BEC-835C-13B12A5A2070}.Release|Any CPU.Build.0 = Release|Any CPU
		{7184C8A0-5795-45E3-A795-EBDA61EF6879}.Debug|Any CPU.ActiveCfg = Debug|Any CPU
		{7184C8A0-5795-45E3-A795-EBDA61EF6879}.Debug|Any CPU.Build.0 = Debug|Any CPU
		{7184C8A0-5795-45E3-A795-EBDA61EF6879}.Release|Any CPU.ActiveCfg = Release|Any CPU
		{7184C8A0-5795-45E3-A795-EBDA61EF6879}.Release|Any CPU.Build.0 = Release|Any CPU
		{E968E47E-313A-4B8B-8F47-1F08B8DD4082}.Debug|Any CPU.ActiveCfg = Debug|Any CPU
		{E968E47E-313A-4B8B-8F47-1F08B8DD4082}.Debug|Any CPU.Build.0 = Debug|Any CPU
		{E968E47E-313A-4B8B-8F47-1F08B8DD4082}.Release|Any CPU.ActiveCfg = Release|Any CPU
		{E968E47E-313A-4B8B-8F47-1F08B8DD4082}.Release|Any CPU.Build.0 = Release|Any CPU
		{F3EAA57B-27E8-4D66-9A2B-6B282C7B1BB9}.Debug|Any CPU.ActiveCfg = Debug|Any CPU
		{F3EAA57B-27E8-4D66-9A2B-6B282C7B1BB9}.Debug|Any CPU.Build.0 = Debug|Any CPU
		{F3EAA57B-27E8-4D66-9A2B-6B282C7B1BB9}.Release|Any CPU.ActiveCfg = Release|Any CPU
		{F3EAA57B-27E8-4D66-9A2B-6B282C7B1BB9}.Release|Any CPU.Build.0 = Release|Any CPU
	EndGlobalSection
	GlobalSection(SolutionProperties) = preSolution
		HideSolutionNode = FALSE
	EndGlobalSection
	GlobalSection(ExtensibilityGlobals) = postSolution
		SolutionGuid = {E58A7137-05CC-4EDC-A715-F8AB32143515}
	EndGlobalSection
EndGlobal
