
Microsoft Visual Studio Solution File, Format Version 12.00
# Visual Studio Version 16
VisualStudioVersion = 16.0.30907.101
MinimumVisualStudioVersion = 10.0.40219.1
Project("{9A19103F-16F7-4668-BE54-9A1E7A4F7556}") = "01AdvertisementMessage", "AdvertisementMessage\01AdvertisementMessage.csproj", "{14EC55A0-F5C7-4F33-88A4-97BBFDDD998B}"
EndProject
Project("{9A19103F-16F7-4668-BE54-9A1E7A4F7556}") = "02Articles", "Articles\02Articles.csproj", "{38BFA5C2-D116-453F-AF5E-FEF489BE724A}"
EndProject
Project("{9A19103F-16F7-4668-BE54-9A1E7A4F7556}") = "03ArticlesTwo", "ArticlesTwo\03ArticlesTwo.csproj", "{73A886B9-5468-42FC-9D16-47351A219404}"
EndProject
Project("{9A19103F-16F7-4668-BE54-9A1E7A4F7556}") = "04Students", "Students\04Students.csproj", "{CA686034-234A-4616-A920-E0369744707C}"
EndProject
Project("{9A19103F-16F7-4668-BE54-9A1E7A4F7556}") = "07OrderByAge", "OrderByAge\07OrderByAge.csproj", "{BE186FF9-8C5F-4139-896E-5244EBA4E2A2}"
EndProject
Project("{FAE04EC0-301F-11D3-BF4B-00C04F79EFBC}") = "05TeamworkProjects", "TeamworkProjects\05TeamworkProjects.csproj", "{3DEB9015-BFBF-4023-98B4-FE7EA4863EBE}"
EndProject
Project("{FAE04EC0-301F-11D3-BF4B-00C04F79EFBC}") = "06VehicleCatalogue", "VehicleCatalogue\06VehicleCatalogue.csproj", "{C303CB0A-A942-49A0-AD92-2E069FB1F22B}"
EndProject
Global
	GlobalSection(SolutionConfigurationPlatforms) = preSolution
		Debug|Any CPU = Debug|Any CPU
		Release|Any CPU = Release|Any CPU
	EndGlobalSection
	GlobalSection(ProjectConfigurationPlatforms) = postSolution
		{14EC55A0-F5C7-4F33-88A4-97BBFDDD998B}.Debug|Any CPU.ActiveCfg = Debug|Any CPU
		{14EC55A0-F5C7-4F33-88A4-97BBFDDD998B}.Debug|Any CPU.Build.0 = Debug|Any CPU
		{14EC55A0-F5C7-4F33-88A4-97BBFDDD998B}.Release|Any CPU.ActiveCfg = Release|Any CPU
		{14EC55A0-F5C7-4F33-88A4-97BBFDDD998B}.Release|Any CPU.Build.0 = Release|Any CPU
		{38BFA5C2-D116-453F-AF5E-FEF489BE724A}.Debug|Any CPU.ActiveCfg = Debug|Any CPU
		{38BFA5C2-D116-453F-AF5E-FEF489BE724A}.Debug|Any CPU.Build.0 = Debug|Any CPU
		{38BFA5C2-D116-453F-AF5E-FEF489BE724A}.Release|Any CPU.ActiveCfg = Release|Any CPU
		{38BFA5C2-D116-453F-AF5E-FEF489BE724A}.Release|Any CPU.Build.0 = Release|Any CPU
		{73A886B9-5468-42FC-9D16-47351A219404}.Debug|Any CPU.ActiveCfg = Debug|Any CPU
		{73A886B9-5468-42FC-9D16-47351A219404}.Debug|Any CPU.Build.0 = Debug|Any CPU
		{73A886B9-5468-42FC-9D16-47351A219404}.Release|Any CPU.ActiveCfg = Release|Any CPU
		{73A886B9-5468-42FC-9D16-47351A219404}.Release|Any CPU.Build.0 = Release|Any CPU
		{CA686034-234A-4616-A920-E0369744707C}.Debug|Any CPU.ActiveCfg = Debug|Any CPU
		{CA686034-234A-4616-A920-E0369744707C}.Debug|Any CPU.Build.0 = Debug|Any CPU
		{CA686034-234A-4616-A920-E0369744707C}.Release|Any CPU.ActiveCfg = Release|Any CPU
		{CA686034-234A-4616-A920-E0369744707C}.Release|Any CPU.Build.0 = Release|Any CPU
		{BE186FF9-8C5F-4139-896E-5244EBA4E2A2}.Debug|Any CPU.ActiveCfg = Debug|Any CPU
		{BE186FF9-8C5F-4139-896E-5244EBA4E2A2}.Debug|Any CPU.Build.0 = Debug|Any CPU
		{BE186FF9-8C5F-4139-896E-5244EBA4E2A2}.Release|Any CPU.ActiveCfg = Release|Any CPU
		{BE186FF9-8C5F-4139-896E-5244EBA4E2A2}.Release|Any CPU.Build.0 = Release|Any CPU
		{3DEB9015-BFBF-4023-98B4-FE7EA4863EBE}.Debug|Any CPU.ActiveCfg = Debug|Any CPU
		{3DEB9015-BFBF-4023-98B4-FE7EA4863EBE}.Debug|Any CPU.Build.0 = Debug|Any CPU
		{3DEB9015-BFBF-4023-98B4-FE7EA4863EBE}.Release|Any CPU.ActiveCfg = Release|Any CPU
		{3DEB9015-BFBF-4023-98B4-FE7EA4863EBE}.Release|Any CPU.Build.0 = Release|Any CPU
		{C303CB0A-A942-49A0-AD92-2E069FB1F22B}.Debug|Any CPU.ActiveCfg = Debug|Any CPU
		{C303CB0A-A942-49A0-AD92-2E069FB1F22B}.Debug|Any CPU.Build.0 = Debug|Any CPU
		{C303CB0A-A942-49A0-AD92-2E069FB1F22B}.Release|Any CPU.ActiveCfg = Release|Any CPU
		{C303CB0A-A942-49A0-AD92-2E069FB1F22B}.Release|Any CPU.Build.0 = Release|Any CPU
	EndGlobalSection
	GlobalSection(SolutionProperties) = preSolution
		HideSolutionNode = FALSE
	EndGlobalSection
	GlobalSection(ExtensibilityGlobals) = postSolution
		SolutionGuid = {E10BC560-BD41-4360-9A03-FFBCBC1D810F}
	EndGlobalSection
EndGlobal
