
Microsoft Visual Studio Solution File, Format Version 12.00
# Visual Studio Version 16
VisualStudioVersion = 16.0.30907.101
MinimumVisualStudioVersion = 10.0.40219.1
Project("{9A19103F-16F7-4668-BE54-9A1E7A4F7556}") = "01UniqueUsernames", "UniqueUsernames\01UniqueUsernames.csproj", "{E9CD664B-0B32-4928-B11F-BEA3B6120633}"
EndProject
Project("{9A19103F-16F7-4668-BE54-9A1E7A4F7556}") = "02SetsOfElements", "SetsOfElements\02SetsOfElements.csproj", "{DD03731D-0988-4C63-978E-83CF9436117F}"
EndProject
Project("{9A19103F-16F7-4668-BE54-9A1E7A4F7556}") = "03PeriodicTable", "PeriodicTable\03PeriodicTable.csproj", "{4632040C-73BF-4622-BB3E-780BFFDF0A8D}"
EndProject
Project("{9A19103F-16F7-4668-BE54-9A1E7A4F7556}") = "04EvenTimes", "EvenTimes\04EvenTimes.csproj", "{386A56BE-9588-45C8-BF16-6CA045B4E833}"
EndProject
Project("{9A19103F-16F7-4668-BE54-9A1E7A4F7556}") = "05CountSymbols", "CountSymbols\05CountSymbols.csproj", "{2AE7BB87-789F-4137-AD25-3D17C78458EE}"
EndProject
Project("{9A19103F-16F7-4668-BE54-9A1E7A4F7556}") = "06Wardrobe", "Wardrobe\06Wardrobe.csproj", "{137B58C8-A0FD-4CA1-B714-F02EB23A886B}"
EndProject
Project("{FAE04EC0-301F-11D3-BF4B-00C04F79EFBC}") = "07TheVLogger", "TheVLogger\07TheVLogger.csproj", "{84EA0222-BF76-43C3-A3D9-AF04FC5A0AE5}"
EndProject
Project("{FAE04EC0-301F-11D3-BF4B-00C04F79EFBC}") = "08Ranking", "Ranking\08Ranking.csproj", "{FDC10781-68F4-45F5-BF8C-E3CBC81EF74A}"
EndProject
Global
	GlobalSection(SolutionConfigurationPlatforms) = preSolution
		Debug|Any CPU = Debug|Any CPU
		Release|Any CPU = Release|Any CPU
	EndGlobalSection
	GlobalSection(ProjectConfigurationPlatforms) = postSolution
		{E9CD664B-0B32-4928-B11F-BEA3B6120633}.Debug|Any CPU.ActiveCfg = Debug|Any CPU
		{E9CD664B-0B32-4928-B11F-BEA3B6120633}.Debug|Any CPU.Build.0 = Debug|Any CPU
		{E9CD664B-0B32-4928-B11F-BEA3B6120633}.Release|Any CPU.ActiveCfg = Release|Any CPU
		{E9CD664B-0B32-4928-B11F-BEA3B6120633}.Release|Any CPU.Build.0 = Release|Any CPU
		{DD03731D-0988-4C63-978E-83CF9436117F}.Debug|Any CPU.ActiveCfg = Debug|Any CPU
		{DD03731D-0988-4C63-978E-83CF9436117F}.Debug|Any CPU.Build.0 = Debug|Any CPU
		{DD03731D-0988-4C63-978E-83CF9436117F}.Release|Any CPU.ActiveCfg = Release|Any CPU
		{DD03731D-0988-4C63-978E-83CF9436117F}.Release|Any CPU.Build.0 = Release|Any CPU
		{4632040C-73BF-4622-BB3E-780BFFDF0A8D}.Debug|Any CPU.ActiveCfg = Debug|Any CPU
		{4632040C-73BF-4622-BB3E-780BFFDF0A8D}.Debug|Any CPU.Build.0 = Debug|Any CPU
		{4632040C-73BF-4622-BB3E-780BFFDF0A8D}.Release|Any CPU.ActiveCfg = Release|Any CPU
		{4632040C-73BF-4622-BB3E-780BFFDF0A8D}.Release|Any CPU.Build.0 = Release|Any CPU
		{386A56BE-9588-45C8-BF16-6CA045B4E833}.Debug|Any CPU.ActiveCfg = Debug|Any CPU
		{386A56BE-9588-45C8-BF16-6CA045B4E833}.Debug|Any CPU.Build.0 = Debug|Any CPU
		{386A56BE-9588-45C8-BF16-6CA045B4E833}.Release|Any CPU.ActiveCfg = Release|Any CPU
		{386A56BE-9588-45C8-BF16-6CA045B4E833}.Release|Any CPU.Build.0 = Release|Any CPU
		{2AE7BB87-789F-4137-AD25-3D17C78458EE}.Debug|Any CPU.ActiveCfg = Debug|Any CPU
		{2AE7BB87-789F-4137-AD25-3D17C78458EE}.Debug|Any CPU.Build.0 = Debug|Any CPU
		{2AE7BB87-789F-4137-AD25-3D17C78458EE}.Release|Any CPU.ActiveCfg = Release|Any CPU
		{2AE7BB87-789F-4137-AD25-3D17C78458EE}.Release|Any CPU.Build.0 = Release|Any CPU
		{137B58C8-A0FD-4CA1-B714-F02EB23A886B}.Debug|Any CPU.ActiveCfg = Debug|Any CPU
		{137B58C8-A0FD-4CA1-B714-F02EB23A886B}.Debug|Any CPU.Build.0 = Debug|Any CPU
		{137B58C8-A0FD-4CA1-B714-F02EB23A886B}.Release|Any CPU.ActiveCfg = Release|Any CPU
		{137B58C8-A0FD-4CA1-B714-F02EB23A886B}.Release|Any CPU.Build.0 = Release|Any CPU
		{84EA0222-BF76-43C3-A3D9-AF04FC5A0AE5}.Debug|Any CPU.ActiveCfg = Debug|Any CPU
		{84EA0222-BF76-43C3-A3D9-AF04FC5A0AE5}.Debug|Any CPU.Build.0 = Debug|Any CPU
		{84EA0222-BF76-43C3-A3D9-AF04FC5A0AE5}.Release|Any CPU.ActiveCfg = Release|Any CPU
		{84EA0222-BF76-43C3-A3D9-AF04FC5A0AE5}.Release|Any CPU.Build.0 = Release|Any CPU
		{FDC10781-68F4-45F5-BF8C-E3CBC81EF74A}.Debug|Any CPU.ActiveCfg = Debug|Any CPU
		{FDC10781-68F4-45F5-BF8C-E3CBC81EF74A}.Debug|Any CPU.Build.0 = Debug|Any CPU
		{FDC10781-68F4-45F5-BF8C-E3CBC81EF74A}.Release|Any CPU.ActiveCfg = Release|Any CPU
		{FDC10781-68F4-45F5-BF8C-E3CBC81EF74A}.Release|Any CPU.Build.0 = Release|Any CPU
	EndGlobalSection
	GlobalSection(SolutionProperties) = preSolution
		HideSolutionNode = FALSE
	EndGlobalSection
	GlobalSection(ExtensibilityGlobals) = postSolution
		SolutionGuid = {A63B2FEF-48B7-461A-B00F-8FDD432BC89A}
	EndGlobalSection
EndGlobal
