
Microsoft Visual Studio Solution File, Format Version 12.00
# Visual Studio Version 16
VisualStudioVersion = 16.0.30907.101
MinimumVisualStudioVersion = 10.0.40219.1
Project("{9A19103F-16F7-4668-BE54-9A1E7A4F7556}") = "01ExtractPersonInformation", "ExtractPersonInformation\01ExtractPersonInformation.csproj", "{20C1043A-9D7C-45FC-866F-27BD15F58FF9}"
EndProject
Project("{9A19103F-16F7-4668-BE54-9A1E7A4F7556}") = "02ASCIISumator", "ASCIISumator\02ASCIISumator.csproj", "{C11896CC-6597-4CAE-82CD-A442209DC88D}"
EndProject
Project("{FAE04EC0-301F-11D3-BF4B-00C04F79EFBC}") = "03TreasureFinder", "TreasureFinder\03TreasureFinder.csproj", "{9C63503C-B48D-4D07-90E2-9C83CD04E5A1}"
EndProject
Project("{FAE04EC0-301F-11D3-BF4B-00C04F79EFBC}") = "04MorseCodeTranslator", "MorseCodeTranslator\04MorseCodeTranslator.csproj", "{F247351C-CCF3-4953-AC6C-71977DD25D4A}"
EndProject
Project("{FAE04EC0-301F-11D3-BF4B-00C04F79EFBC}") = "05HTML", "HTML\05HTML.csproj", "{517EC248-839D-4F5B-B1A5-97C504A2383C}"
EndProject
Global
	GlobalSection(SolutionConfigurationPlatforms) = preSolution
		Debug|Any CPU = Debug|Any CPU
		Release|Any CPU = Release|Any CPU
	EndGlobalSection
	GlobalSection(ProjectConfigurationPlatforms) = postSolution
		{20C1043A-9D7C-45FC-866F-27BD15F58FF9}.Debug|Any CPU.ActiveCfg = Debug|Any CPU
		{20C1043A-9D7C-45FC-866F-27BD15F58FF9}.Debug|Any CPU.Build.0 = Debug|Any CPU
		{20C1043A-9D7C-45FC-866F-27BD15F58FF9}.Release|Any CPU.ActiveCfg = Release|Any CPU
		{20C1043A-9D7C-45FC-866F-27BD15F58FF9}.Release|Any CPU.Build.0 = Release|Any CPU
		{C11896CC-6597-4CAE-82CD-A442209DC88D}.Debug|Any CPU.ActiveCfg = Debug|Any CPU
		{C11896CC-6597-4CAE-82CD-A442209DC88D}.Debug|Any CPU.Build.0 = Debug|Any CPU
		{C11896CC-6597-4CAE-82CD-A442209DC88D}.Release|Any CPU.ActiveCfg = Release|Any CPU
		{C11896CC-6597-4CAE-82CD-A442209DC88D}.Release|Any CPU.Build.0 = Release|Any CPU
		{9C63503C-B48D-4D07-90E2-9C83CD04E5A1}.Debug|Any CPU.ActiveCfg = Debug|Any CPU
		{9C63503C-B48D-4D07-90E2-9C83CD04E5A1}.Debug|Any CPU.Build.0 = Debug|Any CPU
		{9C63503C-B48D-4D07-90E2-9C83CD04E5A1}.Release|Any CPU.ActiveCfg = Release|Any CPU
		{9C63503C-B48D-4D07-90E2-9C83CD04E5A1}.Release|Any CPU.Build.0 = Release|Any CPU
		{F247351C-CCF3-4953-AC6C-71977DD25D4A}.Debug|Any CPU.ActiveCfg = Debug|Any CPU
		{F247351C-CCF3-4953-AC6C-71977DD25D4A}.Debug|Any CPU.Build.0 = Debug|Any CPU
		{F247351C-CCF3-4953-AC6C-71977DD25D4A}.Release|Any CPU.ActiveCfg = Release|Any CPU
		{F247351C-CCF3-4953-AC6C-71977DD25D4A}.Release|Any CPU.Build.0 = Release|Any CPU
		{517EC248-839D-4F5B-B1A5-97C504A2383C}.Debug|Any CPU.ActiveCfg = Debug|Any CPU
		{517EC248-839D-4F5B-B1A5-97C504A2383C}.Debug|Any CPU.Build.0 = Debug|Any CPU
		{517EC248-839D-4F5B-B1A5-97C504A2383C}.Release|Any CPU.ActiveCfg = Release|Any CPU
		{517EC248-839D-4F5B-B1A5-97C504A2383C}.Release|Any CPU.Build.0 = Release|Any CPU
	EndGlobalSection
	GlobalSection(SolutionProperties) = preSolution
		HideSolutionNode = FALSE
	EndGlobalSection
	GlobalSection(ExtensibilityGlobals) = postSolution
		SolutionGuid = {119A3D07-F2B1-495C-A892-9B2AA4109424}
	EndGlobalSection
EndGlobal
