
Microsoft Visual Studio Solution File, Format Version 12.00
# Visual Studio Version 16
VisualStudioVersion = 16.0.30804.86
MinimumVisualStudioVersion = 10.0.40219.1
Project("{FAE04EC0-301F-11D3-BF4B-00C04F79EFBC}") = "01IntegerOperations", "IntegerOperations\01IntegerOperations.csproj", "{395EB4BB-E785-4ABF-B3F1-286F37071892}"
EndProject
Project("{FAE04EC0-301F-11D3-BF4B-00C04F79EFBC}") = "02SumDigits", "SumDigits\02SumDigits.csproj", "{5102E916-DB38-49EA-9022-16B8E40AC826}"
EndProject
Project("{FAE04EC0-301F-11D3-BF4B-00C04F79EFBC}") = "03Elevator", "Elevator\03Elevator.csproj", "{7D72827C-1A0D-43ED-9E94-79A89F70DB01}"
EndProject
Project("{FAE04EC0-301F-11D3-BF4B-00C04F79EFBC}") = "04SumOfChars", "SumOfChars\04SumOfChars.csproj", "{0093DB46-A252-49E7-86EF-98AE7E6B1225}"
EndProject
Project("{FAE04EC0-301F-11D3-BF4B-00C04F79EFBC}") = "05PrintPartOfASCIITable", "PrintPartOfASCIITable\05PrintPartOfASCIITable.csproj", "{93EED07C-5476-4A7A-A4C8-26F9E8632EB6}"
EndProject
Project("{FAE04EC0-301F-11D3-BF4B-00C04F79EFBC}") = "06TriplesOfLatinLetters", "TriplesOfLatinLetters\06TriplesOfLatinLetters.csproj", "{70CE6085-F066-4295-8CE6-D7046E033DBC}"
EndProject
Project("{FAE04EC0-301F-11D3-BF4B-00C04F79EFBC}") = "07WaterOverflow", "WaterOverflow\07WaterOverflow.csproj", "{D66B0C3E-E7B8-438B-88A8-8348B78BABFE}"
EndProject
Project("{FAE04EC0-301F-11D3-BF4B-00C04F79EFBC}") = "08BeerKegs", "BeerKegs\08BeerKegs.csproj", "{BCB5179F-72D7-481E-9F76-D2047E6D8FCB}"
EndProject
Project("{FAE04EC0-301F-11D3-BF4B-00C04F79EFBC}") = "09SpiceMustFlow", "SpiceMustFlow\09SpiceMustFlow.csproj", "{B0DD70DF-5762-46C3-91E5-C8F4FDDF1616}"
EndProject
Project("{FAE04EC0-301F-11D3-BF4B-00C04F79EFBC}") = "10PokeMon", "PokeMon\10PokeMon.csproj", "{6533A0EA-826C-40B2-A2F5-B6A1B1636FA2}"
EndProject
Project("{FAE04EC0-301F-11D3-BF4B-00C04F79EFBC}") = "11Snowballs", "Snowballs\11Snowballs.csproj", "{3D4B65DE-C6E5-460B-8675-410F3873B949}"
EndProject
Global
	GlobalSection(SolutionConfigurationPlatforms) = preSolution
		Debug|Any CPU = Debug|Any CPU
		Release|Any CPU = Release|Any CPU
	EndGlobalSection
	GlobalSection(ProjectConfigurationPlatforms) = postSolution
		{395EB4BB-E785-4ABF-B3F1-286F37071892}.Debug|Any CPU.ActiveCfg = Debug|Any CPU
		{395EB4BB-E785-4ABF-B3F1-286F37071892}.Debug|Any CPU.Build.0 = Debug|Any CPU
		{395EB4BB-E785-4ABF-B3F1-286F37071892}.Release|Any CPU.ActiveCfg = Release|Any CPU
		{395EB4BB-E785-4ABF-B3F1-286F37071892}.Release|Any CPU.Build.0 = Release|Any CPU
		{5102E916-DB38-49EA-9022-16B8E40AC826}.Debug|Any CPU.ActiveCfg = Debug|Any CPU
		{5102E916-DB38-49EA-9022-16B8E40AC826}.Debug|Any CPU.Build.0 = Debug|Any CPU
		{5102E916-DB38-49EA-9022-16B8E40AC826}.Release|Any CPU.ActiveCfg = Release|Any CPU
		{5102E916-DB38-49EA-9022-16B8E40AC826}.Release|Any CPU.Build.0 = Release|Any CPU
		{7D72827C-1A0D-43ED-9E94-79A89F70DB01}.Debug|Any CPU.ActiveCfg = Debug|Any CPU
		{7D72827C-1A0D-43ED-9E94-79A89F70DB01}.Debug|Any CPU.Build.0 = Debug|Any CPU
		{7D72827C-1A0D-43ED-9E94-79A89F70DB01}.Release|Any CPU.ActiveCfg = Release|Any CPU
		{7D72827C-1A0D-43ED-9E94-79A89F70DB01}.Release|Any CPU.Build.0 = Release|Any CPU
		{0093DB46-A252-49E7-86EF-98AE7E6B1225}.Debug|Any CPU.ActiveCfg = Debug|Any CPU
		{0093DB46-A252-49E7-86EF-98AE7E6B1225}.Debug|Any CPU.Build.0 = Debug|Any CPU
		{0093DB46-A252-49E7-86EF-98AE7E6B1225}.Release|Any CPU.ActiveCfg = Release|Any CPU
		{0093DB46-A252-49E7-86EF-98AE7E6B1225}.Release|Any CPU.Build.0 = Release|Any CPU
		{93EED07C-5476-4A7A-A4C8-26F9E8632EB6}.Debug|Any CPU.ActiveCfg = Debug|Any CPU
		{93EED07C-5476-4A7A-A4C8-26F9E8632EB6}.Debug|Any CPU.Build.0 = Debug|Any CPU
		{93EED07C-5476-4A7A-A4C8-26F9E8632EB6}.Release|Any CPU.ActiveCfg = Release|Any CPU
		{93EED07C-5476-4A7A-A4C8-26F9E8632EB6}.Release|Any CPU.Build.0 = Release|Any CPU
		{70CE6085-F066-4295-8CE6-D7046E033DBC}.Debug|Any CPU.ActiveCfg = Debug|Any CPU
		{70CE6085-F066-4295-8CE6-D7046E033DBC}.Debug|Any CPU.Build.0 = Debug|Any CPU
		{70CE6085-F066-4295-8CE6-D7046E033DBC}.Release|Any CPU.ActiveCfg = Release|Any CPU
		{70CE6085-F066-4295-8CE6-D7046E033DBC}.Release|Any CPU.Build.0 = Release|Any CPU
		{D66B0C3E-E7B8-438B-88A8-8348B78BABFE}.Debug|Any CPU.ActiveCfg = Debug|Any CPU
		{D66B0C3E-E7B8-438B-88A8-8348B78BABFE}.Debug|Any CPU.Build.0 = Debug|Any CPU
		{D66B0C3E-E7B8-438B-88A8-8348B78BABFE}.Release|Any CPU.ActiveCfg = Release|Any CPU
		{D66B0C3E-E7B8-438B-88A8-8348B78BABFE}.Release|Any CPU.Build.0 = Release|Any CPU
		{BCB5179F-72D7-481E-9F76-D2047E6D8FCB}.Debug|Any CPU.ActiveCfg = Debug|Any CPU
		{BCB5179F-72D7-481E-9F76-D2047E6D8FCB}.Debug|Any CPU.Build.0 = Debug|Any CPU
		{BCB5179F-72D7-481E-9F76-D2047E6D8FCB}.Release|Any CPU.ActiveCfg = Release|Any CPU
		{BCB5179F-72D7-481E-9F76-D2047E6D8FCB}.Release|Any CPU.Build.0 = Release|Any CPU
		{B0DD70DF-5762-46C3-91E5-C8F4FDDF1616}.Debug|Any CPU.ActiveCfg = Debug|Any CPU
		{B0DD70DF-5762-46C3-91E5-C8F4FDDF1616}.Debug|Any CPU.Build.0 = Debug|Any CPU
		{B0DD70DF-5762-46C3-91E5-C8F4FDDF1616}.Release|Any CPU.ActiveCfg = Release|Any CPU
		{B0DD70DF-5762-46C3-91E5-C8F4FDDF1616}.Release|Any CPU.Build.0 = Release|Any CPU
		{6533A0EA-826C-40B2-A2F5-B6A1B1636FA2}.Debug|Any CPU.ActiveCfg = Debug|Any CPU
		{6533A0EA-826C-40B2-A2F5-B6A1B1636FA2}.Debug|Any CPU.Build.0 = Debug|Any CPU
		{6533A0EA-826C-40B2-A2F5-B6A1B1636FA2}.Release|Any CPU.ActiveCfg = Release|Any CPU
		{6533A0EA-826C-40B2-A2F5-B6A1B1636FA2}.Release|Any CPU.Build.0 = Release|Any CPU
		{3D4B65DE-C6E5-460B-8675-410F3873B949}.Debug|Any CPU.ActiveCfg = Debug|Any CPU
		{3D4B65DE-C6E5-460B-8675-410F3873B949}.Debug|Any CPU.Build.0 = Debug|Any CPU
		{3D4B65DE-C6E5-460B-8675-410F3873B949}.Release|Any CPU.ActiveCfg = Release|Any CPU
		{3D4B65DE-C6E5-460B-8675-410F3873B949}.Release|Any CPU.Build.0 = Release|Any CPU
	EndGlobalSection
	GlobalSection(SolutionProperties) = preSolution
		HideSolutionNode = FALSE
	EndGlobalSection
	GlobalSection(ExtensibilityGlobals) = postSolution
		SolutionGuid = {CEB2F109-0C31-4EEC-B13E-1BC5777A9C3B}
	EndGlobalSection
EndGlobal
