
Microsoft Visual Studio Solution File, Format Version 12.00
# Visual Studio Version 16
VisualStudioVersion = 16.0.30907.101
MinimumVisualStudioVersion = 10.0.40219.1
Project("{9A19103F-16F7-4668-BE54-9A1E7A4F7556}") = "01Ranking", "Ranking\01Ranking.csproj", "{5473EB32-4140-4C31-9800-FC8F63EABE82}"
EndProject
Project("{FAE04EC0-301F-11D3-BF4B-00C04F79EFBC}") = "02Judge", "Judge\02Judge.csproj", "{1A73479F-9631-48BD-A7E5-154EB94EBC93}"
EndProject
Project("{FAE04EC0-301F-11D3-BF4B-00C04F79EFBC}") = "03MOBAChallenger", "MOBAChallenger\03MOBAChallenger.csproj", "{53E82743-9251-48DC-969C-3C020BB308CE}"
EndProject
Project("{FAE04EC0-301F-11D3-BF4B-00C04F79EFBC}") = "04Snowwhite", "Snowwhite\04Snowwhite.csproj", "{9EA85D86-5AAF-478C-A47C-DB2BF21A75FD}"
EndProject
Project("{FAE04EC0-301F-11D3-BF4B-00C04F79EFBC}") = "05DragonArmy", "DragonArmy\05DragonArmy.csproj", "{0C8810E8-F726-47A3-955B-6A29CE5BA651}"
EndProject
Global
	GlobalSection(SolutionConfigurationPlatforms) = preSolution
		Debug|Any CPU = Debug|Any CPU
		Release|Any CPU = Release|Any CPU
	EndGlobalSection
	GlobalSection(ProjectConfigurationPlatforms) = postSolution
		{5473EB32-4140-4C31-9800-FC8F63EABE82}.Debug|Any CPU.ActiveCfg = Debug|Any CPU
		{5473EB32-4140-4C31-9800-FC8F63EABE82}.Debug|Any CPU.Build.0 = Debug|Any CPU
		{5473EB32-4140-4C31-9800-FC8F63EABE82}.Release|Any CPU.ActiveCfg = Release|Any CPU
		{5473EB32-4140-4C31-9800-FC8F63EABE82}.Release|Any CPU.Build.0 = Release|Any CPU
		{1A73479F-9631-48BD-A7E5-154EB94EBC93}.Debug|Any CPU.ActiveCfg = Debug|Any CPU
		{1A73479F-9631-48BD-A7E5-154EB94EBC93}.Debug|Any CPU.Build.0 = Debug|Any CPU
		{1A73479F-9631-48BD-A7E5-154EB94EBC93}.Release|Any CPU.ActiveCfg = Release|Any CPU
		{1A73479F-9631-48BD-A7E5-154EB94EBC93}.Release|Any CPU.Build.0 = Release|Any CPU
		{53E82743-9251-48DC-969C-3C020BB308CE}.Debug|Any CPU.ActiveCfg = Debug|Any CPU
		{53E82743-9251-48DC-969C-3C020BB308CE}.Debug|Any CPU.Build.0 = Debug|Any CPU
		{53E82743-9251-48DC-969C-3C020BB308CE}.Release|Any CPU.ActiveCfg = Release|Any CPU
		{53E82743-9251-48DC-969C-3C020BB308CE}.Release|Any CPU.Build.0 = Release|Any CPU
		{9EA85D86-5AAF-478C-A47C-DB2BF21A75FD}.Debug|Any CPU.ActiveCfg = Debug|Any CPU
		{9EA85D86-5AAF-478C-A47C-DB2BF21A75FD}.Debug|Any CPU.Build.0 = Debug|Any CPU
		{9EA85D86-5AAF-478C-A47C-DB2BF21A75FD}.Release|Any CPU.ActiveCfg = Release|Any CPU
		{9EA85D86-5AAF-478C-A47C-DB2BF21A75FD}.Release|Any CPU.Build.0 = Release|Any CPU
		{0C8810E8-F726-47A3-955B-6A29CE5BA651}.Debug|Any CPU.ActiveCfg = Debug|Any CPU
		{0C8810E8-F726-47A3-955B-6A29CE5BA651}.Debug|Any CPU.Build.0 = Debug|Any CPU
		{0C8810E8-F726-47A3-955B-6A29CE5BA651}.Release|Any CPU.ActiveCfg = Release|Any CPU
		{0C8810E8-F726-47A3-955B-6A29CE5BA651}.Release|Any CPU.Build.0 = Release|Any CPU
	EndGlobalSection
	GlobalSection(SolutionProperties) = preSolution
		HideSolutionNode = FALSE
	EndGlobalSection
	GlobalSection(ExtensibilityGlobals) = postSolution
		SolutionGuid = {5B713B73-D034-424A-A0FB-0D1688124D59}
	EndGlobalSection
EndGlobal
