
Microsoft Visual Studio Solution File, Format Version 12.00
# Visual Studio Version 16
VisualStudioVersion = 16.0.30907.101
MinimumVisualStudioVersion = 10.0.40219.1
Project("{FAE04EC0-301F-11D3-BF4B-00C04F79EFBC}") = "01SortEvenNumbers", "SortEvenNumbers\01SortEvenNumbers.csproj", "{DDD12C35-1221-450A-A1A2-D14DC30223DD}"
EndProject
Project("{FAE04EC0-301F-11D3-BF4B-00C04F79EFBC}") = "02SumNumbers", "SumNumbers\02SumNumbers.csproj", "{3239C85E-6C2B-44D6-B746-15462F56B780}"
EndProject
Project("{FAE04EC0-301F-11D3-BF4B-00C04F79EFBC}") = "03CountUppercaseWords", "CountUppercaseWords\03CountUppercaseWords.csproj", "{443EB277-2D9A-41DA-8FBD-3B522BB3B25C}"
EndProject
Project("{FAE04EC0-301F-11D3-BF4B-00C04F79EFBC}") = "04AddVAT", "AddVAT\04AddVAT.csproj", "{BD471D88-E7A2-4B08-99DF-FABD6B44DA21}"
EndProject
Project("{FAE04EC0-301F-11D3-BF4B-00C04F79EFBC}") = "05FilterByAge", "FilterByAge\05FilterByAge.csproj", "{6FE61C19-45E0-44DA-83F5-3381FA035351}"
EndProject
Global
	GlobalSection(SolutionConfigurationPlatforms) = preSolution
		Debug|Any CPU = Debug|Any CPU
		Release|Any CPU = Release|Any CPU
	EndGlobalSection
	GlobalSection(ProjectConfigurationPlatforms) = postSolution
		{DDD12C35-1221-450A-A1A2-D14DC30223DD}.Debug|Any CPU.ActiveCfg = Debug|Any CPU
		{DDD12C35-1221-450A-A1A2-D14DC30223DD}.Debug|Any CPU.Build.0 = Debug|Any CPU
		{DDD12C35-1221-450A-A1A2-D14DC30223DD}.Release|Any CPU.ActiveCfg = Release|Any CPU
		{DDD12C35-1221-450A-A1A2-D14DC30223DD}.Release|Any CPU.Build.0 = Release|Any CPU
		{3239C85E-6C2B-44D6-B746-15462F56B780}.Debug|Any CPU.ActiveCfg = Debug|Any CPU
		{3239C85E-6C2B-44D6-B746-15462F56B780}.Debug|Any CPU.Build.0 = Debug|Any CPU
		{3239C85E-6C2B-44D6-B746-15462F56B780}.Release|Any CPU.ActiveCfg = Release|Any CPU
		{3239C85E-6C2B-44D6-B746-15462F56B780}.Release|Any CPU.Build.0 = Release|Any CPU
		{443EB277-2D9A-41DA-8FBD-3B522BB3B25C}.Debug|Any CPU.ActiveCfg = Debug|Any CPU
		{443EB277-2D9A-41DA-8FBD-3B522BB3B25C}.Debug|Any CPU.Build.0 = Debug|Any CPU
		{443EB277-2D9A-41DA-8FBD-3B522BB3B25C}.Release|Any CPU.ActiveCfg = Release|Any CPU
		{443EB277-2D9A-41DA-8FBD-3B522BB3B25C}.Release|Any CPU.Build.0 = Release|Any CPU
		{BD471D88-E7A2-4B08-99DF-FABD6B44DA21}.Debug|Any CPU.ActiveCfg = Debug|Any CPU
		{BD471D88-E7A2-4B08-99DF-FABD6B44DA21}.Debug|Any CPU.Build.0 = Debug|Any CPU
		{BD471D88-E7A2-4B08-99DF-FABD6B44DA21}.Release|Any CPU.ActiveCfg = Release|Any CPU
		{BD471D88-E7A2-4B08-99DF-FABD6B44DA21}.Release|Any CPU.Build.0 = Release|Any CPU
		{6FE61C19-45E0-44DA-83F5-3381FA035351}.Debug|Any CPU.ActiveCfg = Debug|Any CPU
		{6FE61C19-45E0-44DA-83F5-3381FA035351}.Debug|Any CPU.Build.0 = Debug|Any CPU
		{6FE61C19-45E0-44DA-83F5-3381FA035351}.Release|Any CPU.ActiveCfg = Release|Any CPU
		{6FE61C19-45E0-44DA-83F5-3381FA035351}.Release|Any CPU.Build.0 = Release|Any CPU
	EndGlobalSection
	GlobalSection(SolutionProperties) = preSolution
		HideSolutionNode = FALSE
	EndGlobalSection
	GlobalSection(ExtensibilityGlobals) = postSolution
		SolutionGuid = {E7BCE0EF-70F6-4F1B-8B8A-69B6D032879D}
	EndGlobalSection
EndGlobal
