
Microsoft Visual Studio Solution File, Format Version 12.00
# Visual Studio Version 16
VisualStudioVersion = 16.0.30621.155
MinimumVisualStudioVersion = 10.0.40219.1
Project("{FAE04EC0-301F-11D3-BF4B-00C04F79EFBC}") = "Dishwasher", "Dishwasher\Dishwasher.csproj", "{CC3FECC5-B55B-4BFB-B84E-7A9EF0B311A2}"
EndProject
Project("{FAE04EC0-301F-11D3-BF4B-00C04F79EFBC}") = "ReportSystem", "ReportSystem\ReportSystem.csproj", "{9ED36C70-210F-495C-BA4C-43454CBB456D}"
EndProject
Project("{FAE04EC0-301F-11D3-BF4B-00C04F79EFBC}") = "NumbersDividedBy3WithoutRemainder", "NumbersDividedBy3WithoutRemainder\NumbersDividedBy3WithoutRemainder.csproj", "{18549477-5E95-44A6-8A5E-AD571B591505}"
EndProject
Project("{FAE04EC0-301F-11D3-BF4B-00C04F79EFBC}") = "AverageNumber", "AverageNumber\AverageNumber.csproj", "{AEE177B8-5122-4854-94C6-17EBAE7741FA}"
EndProject
Project("{FAE04EC0-301F-11D3-BF4B-00C04F79EFBC}") = "StreamOfLetters", "StreamOfLetters\StreamOfLetters.csproj", "{2A82806A-B231-433A-9BB4-AFEB0ED2E69D}"
EndProject
Global
	GlobalSection(SolutionConfigurationPlatforms) = preSolution
		Debug|Any CPU = Debug|Any CPU
		Release|Any CPU = Release|Any CPU
	EndGlobalSection
	GlobalSection(ProjectConfigurationPlatforms) = postSolution
		{CC3FECC5-B55B-4BFB-B84E-7A9EF0B311A2}.Debug|Any CPU.ActiveCfg = Debug|Any CPU
		{CC3FECC5-B55B-4BFB-B84E-7A9EF0B311A2}.Debug|Any CPU.Build.0 = Debug|Any CPU
		{CC3FECC5-B55B-4BFB-B84E-7A9EF0B311A2}.Release|Any CPU.ActiveCfg = Release|Any CPU
		{CC3FECC5-B55B-4BFB-B84E-7A9EF0B311A2}.Release|Any CPU.Build.0 = Release|Any CPU
		{9ED36C70-210F-495C-BA4C-43454CBB456D}.Debug|Any CPU.ActiveCfg = Debug|Any CPU
		{9ED36C70-210F-495C-BA4C-43454CBB456D}.Debug|Any CPU.Build.0 = Debug|Any CPU
		{9ED36C70-210F-495C-BA4C-43454CBB456D}.Release|Any CPU.ActiveCfg = Release|Any CPU
		{9ED36C70-210F-495C-BA4C-43454CBB456D}.Release|Any CPU.Build.0 = Release|Any CPU
		{18549477-5E95-44A6-8A5E-AD571B591505}.Debug|Any CPU.ActiveCfg = Debug|Any CPU
		{18549477-5E95-44A6-8A5E-AD571B591505}.Debug|Any CPU.Build.0 = Debug|Any CPU
		{18549477-5E95-44A6-8A5E-AD571B591505}.Release|Any CPU.ActiveCfg = Release|Any CPU
		{18549477-5E95-44A6-8A5E-AD571B591505}.Release|Any CPU.Build.0 = Release|Any CPU
		{AEE177B8-5122-4854-94C6-17EBAE7741FA}.Debug|Any CPU.ActiveCfg = Debug|Any CPU
		{AEE177B8-5122-4854-94C6-17EBAE7741FA}.Debug|Any CPU.Build.0 = Debug|Any CPU
		{AEE177B8-5122-4854-94C6-17EBAE7741FA}.Release|Any CPU.ActiveCfg = Release|Any CPU
		{AEE177B8-5122-4854-94C6-17EBAE7741FA}.Release|Any CPU.Build.0 = Release|Any CPU
		{2A82806A-B231-433A-9BB4-AFEB0ED2E69D}.Debug|Any CPU.ActiveCfg = Debug|Any CPU
		{2A82806A-B231-433A-9BB4-AFEB0ED2E69D}.Debug|Any CPU.Build.0 = Debug|Any CPU
		{2A82806A-B231-433A-9BB4-AFEB0ED2E69D}.Release|Any CPU.ActiveCfg = Release|Any CPU
		{2A82806A-B231-433A-9BB4-AFEB0ED2E69D}.Release|Any CPU.Build.0 = Release|Any CPU
	EndGlobalSection
	GlobalSection(SolutionProperties) = preSolution
		HideSolutionNode = FALSE
	EndGlobalSection
	GlobalSection(ExtensibilityGlobals) = postSolution
		SolutionGuid = {5E48A425-CA13-4934-AE6B-23D648AD87D6}
	EndGlobalSection
EndGlobal
