
Microsoft Visual Studio Solution File, Format Version 12.00
# Visual Studio Version 16
VisualStudioVersion = 16.0.30907.101
MinimumVisualStudioVersion = 10.0.40219.1
Project("{FAE04EC0-301F-11D3-BF4B-00C04F79EFBC}") = "01SignOfIntegerNumbers", "SignOfIntegerNumbers\01SignOfIntegerNumbers.csproj", "{18E4D483-6075-4A3D-AA97-3EB411171C2F}"
EndProject
Project("{FAE04EC0-301F-11D3-BF4B-00C04F79EFBC}") = "02Grades", "Grades\02Grades.csproj", "{DA5C5A6E-A4CE-4EE4-AB37-CD17A46FEEF8}"
EndProject
Project("{FAE04EC0-301F-11D3-BF4B-00C04F79EFBC}") = "03Calculations", "Calculations\03Calculations.csproj", "{2A768290-D7B1-4B7C-B916-0EE1BCF8B5C1}"
EndProject
Project("{FAE04EC0-301F-11D3-BF4B-00C04F79EFBC}") = "04PrintingTriangle", "PrintingTriangle\04PrintingTriangle.csproj", "{30587BDF-6DCA-491B-9B47-4DB845557A7E}"
EndProject
Project("{FAE04EC0-301F-11D3-BF4B-00C04F79EFBC}") = "05Orders", "Orders\05Orders.csproj", "{0EBFA9AB-8C6B-4AB7-9E10-4279DFBE4F5A}"
EndProject
Project("{FAE04EC0-301F-11D3-BF4B-00C04F79EFBC}") = "06CalculateRectangleArea", "CalculateRectangleArea\06CalculateRectangleArea.csproj", "{47DEA242-073D-4C14-8BD1-B87E673CB07A}"
EndProject
Project("{FAE04EC0-301F-11D3-BF4B-00C04F79EFBC}") = "07RepeatString", "RepeatString\07RepeatString.csproj", "{4D40D5DB-6CB7-46F6-AFE3-6D456D2913B9}"
EndProject
Project("{FAE04EC0-301F-11D3-BF4B-00C04F79EFBC}") = "08MathPower", "MathPower\08MathPower.csproj", "{7AF77D46-8067-49AC-BCA9-38BBA3626B52}"
EndProject
Project("{FAE04EC0-301F-11D3-BF4B-00C04F79EFBC}") = "09GreaterOfTwoValues", "GreaterOfTwoValues\09GreaterOfTwoValues.csproj", "{77452A98-EBEB-452D-816D-CA1A15A88010}"
EndProject
Project("{FAE04EC0-301F-11D3-BF4B-00C04F79EFBC}") = "10MultiplyEvensByOdds", "MultiplyEvensByOdds\10MultiplyEvensByOdds.csproj", "{E36F8B52-9A2A-4473-B879-A00439528675}"
EndProject
Project("{FAE04EC0-301F-11D3-BF4B-00C04F79EFBC}") = "11MathOperations", "MathOperations\11MathOperations.csproj", "{8E515570-CFFD-4DA0-A4B1-319B05A111E3}"
EndProject
Global
	GlobalSection(SolutionConfigurationPlatforms) = preSolution
		Debug|Any CPU = Debug|Any CPU
		Release|Any CPU = Release|Any CPU
	EndGlobalSection
	GlobalSection(ProjectConfigurationPlatforms) = postSolution
		{18E4D483-6075-4A3D-AA97-3EB411171C2F}.Debug|Any CPU.ActiveCfg = Debug|Any CPU
		{18E4D483-6075-4A3D-AA97-3EB411171C2F}.Debug|Any CPU.Build.0 = Debug|Any CPU
		{18E4D483-6075-4A3D-AA97-3EB411171C2F}.Release|Any CPU.ActiveCfg = Release|Any CPU
		{18E4D483-6075-4A3D-AA97-3EB411171C2F}.Release|Any CPU.Build.0 = Release|Any CPU
		{DA5C5A6E-A4CE-4EE4-AB37-CD17A46FEEF8}.Debug|Any CPU.ActiveCfg = Debug|Any CPU
		{DA5C5A6E-A4CE-4EE4-AB37-CD17A46FEEF8}.Debug|Any CPU.Build.0 = Debug|Any CPU
		{DA5C5A6E-A4CE-4EE4-AB37-CD17A46FEEF8}.Release|Any CPU.ActiveCfg = Release|Any CPU
		{DA5C5A6E-A4CE-4EE4-AB37-CD17A46FEEF8}.Release|Any CPU.Build.0 = Release|Any CPU
		{2A768290-D7B1-4B7C-B916-0EE1BCF8B5C1}.Debug|Any CPU.ActiveCfg = Debug|Any CPU
		{2A768290-D7B1-4B7C-B916-0EE1BCF8B5C1}.Debug|Any CPU.Build.0 = Debug|Any CPU
		{2A768290-D7B1-4B7C-B916-0EE1BCF8B5C1}.Release|Any CPU.ActiveCfg = Release|Any CPU
		{2A768290-D7B1-4B7C-B916-0EE1BCF8B5C1}.Release|Any CPU.Build.0 = Release|Any CPU
		{30587BDF-6DCA-491B-9B47-4DB845557A7E}.Debug|Any CPU.ActiveCfg = Debug|Any CPU
		{30587BDF-6DCA-491B-9B47-4DB845557A7E}.Debug|Any CPU.Build.0 = Debug|Any CPU
		{30587BDF-6DCA-491B-9B47-4DB845557A7E}.Release|Any CPU.ActiveCfg = Release|Any CPU
		{30587BDF-6DCA-491B-9B47-4DB845557A7E}.Release|Any CPU.Build.0 = Release|Any CPU
		{0EBFA9AB-8C6B-4AB7-9E10-4279DFBE4F5A}.Debug|Any CPU.ActiveCfg = Debug|Any CPU
		{0EBFA9AB-8C6B-4AB7-9E10-4279DFBE4F5A}.Debug|Any CPU.Build.0 = Debug|Any CPU
		{0EBFA9AB-8C6B-4AB7-9E10-4279DFBE4F5A}.Release|Any CPU.ActiveCfg = Release|Any CPU
		{0EBFA9AB-8C6B-4AB7-9E10-4279DFBE4F5A}.Release|Any CPU.Build.0 = Release|Any CPU
		{47DEA242-073D-4C14-8BD1-B87E673CB07A}.Debug|Any CPU.ActiveCfg = Debug|Any CPU
		{47DEA242-073D-4C14-8BD1-B87E673CB07A}.Debug|Any CPU.Build.0 = Debug|Any CPU
		{47DEA242-073D-4C14-8BD1-B87E673CB07A}.Release|Any CPU.ActiveCfg = Release|Any CPU
		{47DEA242-073D-4C14-8BD1-B87E673CB07A}.Release|Any CPU.Build.0 = Release|Any CPU
		{4D40D5DB-6CB7-46F6-AFE3-6D456D2913B9}.Debug|Any CPU.ActiveCfg = Debug|Any CPU
		{4D40D5DB-6CB7-46F6-AFE3-6D456D2913B9}.Debug|Any CPU.Build.0 = Debug|Any CPU
		{4D40D5DB-6CB7-46F6-AFE3-6D456D2913B9}.Release|Any CPU.ActiveCfg = Release|Any CPU
		{4D40D5DB-6CB7-46F6-AFE3-6D456D2913B9}.Release|Any CPU.Build.0 = Release|Any CPU
		{7AF77D46-8067-49AC-BCA9-38BBA3626B52}.Debug|Any CPU.ActiveCfg = Debug|Any CPU
		{7AF77D46-8067-49AC-BCA9-38BBA3626B52}.Debug|Any CPU.Build.0 = Debug|Any CPU
		{7AF77D46-8067-49AC-BCA9-38BBA3626B52}.Release|Any CPU.ActiveCfg = Release|Any CPU
		{7AF77D46-8067-49AC-BCA9-38BBA3626B52}.Release|Any CPU.Build.0 = Release|Any CPU
		{77452A98-EBEB-452D-816D-CA1A15A88010}.Debug|Any CPU.ActiveCfg = Debug|Any CPU
		{77452A98-EBEB-452D-816D-CA1A15A88010}.Debug|Any CPU.Build.0 = Debug|Any CPU
		{77452A98-EBEB-452D-816D-CA1A15A88010}.Release|Any CPU.ActiveCfg = Release|Any CPU
		{77452A98-EBEB-452D-816D-CA1A15A88010}.Release|Any CPU.Build.0 = Release|Any CPU
		{E36F8B52-9A2A-4473-B879-A00439528675}.Debug|Any CPU.ActiveCfg = Debug|Any CPU
		{E36F8B52-9A2A-4473-B879-A00439528675}.Debug|Any CPU.Build.0 = Debug|Any CPU
		{E36F8B52-9A2A-4473-B879-A00439528675}.Release|Any CPU.ActiveCfg = Release|Any CPU
		{E36F8B52-9A2A-4473-B879-A00439528675}.Release|Any CPU.Build.0 = Release|Any CPU
		{8E515570-CFFD-4DA0-A4B1-319B05A111E3}.Debug|Any CPU.ActiveCfg = Debug|Any CPU
		{8E515570-CFFD-4DA0-A4B1-319B05A111E3}.Debug|Any CPU.Build.0 = Debug|Any CPU
		{8E515570-CFFD-4DA0-A4B1-319B05A111E3}.Release|Any CPU.ActiveCfg = Release|Any CPU
		{8E515570-CFFD-4DA0-A4B1-319B05A111E3}.Release|Any CPU.Build.0 = Release|Any CPU
	EndGlobalSection
	GlobalSection(SolutionProperties) = preSolution
		HideSolutionNode = FALSE
	EndGlobalSection
	GlobalSection(ExtensibilityGlobals) = postSolution
		SolutionGuid = {33ECFF00-9B72-493C-A3AB-23BE7D01EB65}
	EndGlobalSection
EndGlobal
