
Microsoft Visual Studio Solution File, Format Version 12.00
# Visual Studio Version 16
VisualStudioVersion = 16.0.30907.101
MinimumVisualStudioVersion = 10.0.40219.1
Project("{9A19103F-16F7-4668-BE54-9A1E7A4F7556}") = "01Train", "Train\01Train.csproj", "{68CE73CD-3490-4C8E-8266-055BD00F0B02}"
EndProject
Project("{9A19103F-16F7-4668-BE54-9A1E7A4F7556}") = "02CommonElements", "CommonElements\02CommonElements.csproj", "{BABE6A0E-769E-4CF6-9C00-6CCE9A84130F}"
EndProject
Project("{9A19103F-16F7-4668-BE54-9A1E7A4F7556}") = "03ZigZagArrays", "ZigZagArrays\03ZigZagArrays.csproj", "{200112AF-7237-43D4-9F4C-B34F3E8095BA}"
EndProject
Project("{9A19103F-16F7-4668-BE54-9A1E7A4F7556}") = "04ArrayRotation", "ArrayRotation\04ArrayRotation.csproj", "{99AC53C6-6255-45F8-AEE5-78A950D78E4C}"
EndProject
Project("{9A19103F-16F7-4668-BE54-9A1E7A4F7556}") = "05TopIntegers", "TopIntegers\05TopIntegers.csproj", "{59F389B8-312C-49D0-9D0B-38F7AC2F1872}"
EndProject
Project("{9A19103F-16F7-4668-BE54-9A1E7A4F7556}") = "06EqualSum", "EqualSum\06EqualSum.csproj", "{80935CA0-206F-4BE8-9BE4-206401DEFFE8}"
EndProject
Project("{9A19103F-16F7-4668-BE54-9A1E7A4F7556}") = "07MaxSequenceOfEqualElements", "MaxSequenceOfEqualElements\07MaxSequenceOfEqualElements.csproj", "{516ACCE8-06FF-4B25-A428-0349FCFACDEB}"
EndProject
Project("{FAE04EC0-301F-11D3-BF4B-00C04F79EFBC}") = "08MagicSum", "MagicSum\08MagicSum.csproj", "{D3CA3A54-114E-466D-9DAA-862380663DB0}"
EndProject
Project("{FAE04EC0-301F-11D3-BF4B-00C04F79EFBC}") = "09KaminoFactory", "KaminoFactory\09KaminoFactory.csproj", "{91AC0E20-3249-4E52-B009-66E3CD1D5E2A}"
EndProject
Project("{FAE04EC0-301F-11D3-BF4B-00C04F79EFBC}") = "10LadyBugs", "LadyBugs\10LadyBugs.csproj", "{C9F6754B-BC41-4A8A-A85B-96C348829A00}"
EndProject
Global
	GlobalSection(SolutionConfigurationPlatforms) = preSolution
		Debug|Any CPU = Debug|Any CPU
		Release|Any CPU = Release|Any CPU
	EndGlobalSection
	GlobalSection(ProjectConfigurationPlatforms) = postSolution
		{68CE73CD-3490-4C8E-8266-055BD00F0B02}.Debug|Any CPU.ActiveCfg = Debug|Any CPU
		{68CE73CD-3490-4C8E-8266-055BD00F0B02}.Debug|Any CPU.Build.0 = Debug|Any CPU
		{68CE73CD-3490-4C8E-8266-055BD00F0B02}.Release|Any CPU.ActiveCfg = Release|Any CPU
		{68CE73CD-3490-4C8E-8266-055BD00F0B02}.Release|Any CPU.Build.0 = Release|Any CPU
		{BABE6A0E-769E-4CF6-9C00-6CCE9A84130F}.Debug|Any CPU.ActiveCfg = Debug|Any CPU
		{BABE6A0E-769E-4CF6-9C00-6CCE9A84130F}.Debug|Any CPU.Build.0 = Debug|Any CPU
		{BABE6A0E-769E-4CF6-9C00-6CCE9A84130F}.Release|Any CPU.ActiveCfg = Release|Any CPU
		{BABE6A0E-769E-4CF6-9C00-6CCE9A84130F}.Release|Any CPU.Build.0 = Release|Any CPU
		{200112AF-7237-43D4-9F4C-B34F3E8095BA}.Debug|Any CPU.ActiveCfg = Debug|Any CPU
		{200112AF-7237-43D4-9F4C-B34F3E8095BA}.Debug|Any CPU.Build.0 = Debug|Any CPU
		{200112AF-7237-43D4-9F4C-B34F3E8095BA}.Release|Any CPU.ActiveCfg = Release|Any CPU
		{200112AF-7237-43D4-9F4C-B34F3E8095BA}.Release|Any CPU.Build.0 = Release|Any CPU
		{99AC53C6-6255-45F8-AEE5-78A950D78E4C}.Debug|Any CPU.ActiveCfg = Debug|Any CPU
		{99AC53C6-6255-45F8-AEE5-78A950D78E4C}.Debug|Any CPU.Build.0 = Debug|Any CPU
		{99AC53C6-6255-45F8-AEE5-78A950D78E4C}.Release|Any CPU.ActiveCfg = Release|Any CPU
		{99AC53C6-6255-45F8-AEE5-78A950D78E4C}.Release|Any CPU.Build.0 = Release|Any CPU
		{59F389B8-312C-49D0-9D0B-38F7AC2F1872}.Debug|Any CPU.ActiveCfg = Debug|Any CPU
		{59F389B8-312C-49D0-9D0B-38F7AC2F1872}.Debug|Any CPU.Build.0 = Debug|Any CPU
		{59F389B8-312C-49D0-9D0B-38F7AC2F1872}.Release|Any CPU.ActiveCfg = Release|Any CPU
		{59F389B8-312C-49D0-9D0B-38F7AC2F1872}.Release|Any CPU.Build.0 = Release|Any CPU
		{80935CA0-206F-4BE8-9BE4-206401DEFFE8}.Debug|Any CPU.ActiveCfg = Debug|Any CPU
		{80935CA0-206F-4BE8-9BE4-206401DEFFE8}.Debug|Any CPU.Build.0 = Debug|Any CPU
		{80935CA0-206F-4BE8-9BE4-206401DEFFE8}.Release|Any CPU.ActiveCfg = Release|Any CPU
		{80935CA0-206F-4BE8-9BE4-206401DEFFE8}.Release|Any CPU.Build.0 = Release|Any CPU
		{516ACCE8-06FF-4B25-A428-0349FCFACDEB}.Debug|Any CPU.ActiveCfg = Debug|Any CPU
		{516ACCE8-06FF-4B25-A428-0349FCFACDEB}.Debug|Any CPU.Build.0 = Debug|Any CPU
		{516ACCE8-06FF-4B25-A428-0349FCFACDEB}.Release|Any CPU.ActiveCfg = Release|Any CPU
		{516ACCE8-06FF-4B25-A428-0349FCFACDEB}.Release|Any CPU.Build.0 = Release|Any CPU
		{D3CA3A54-114E-466D-9DAA-862380663DB0}.Debug|Any CPU.ActiveCfg = Debug|Any CPU
		{D3CA3A54-114E-466D-9DAA-862380663DB0}.Debug|Any CPU.Build.0 = Debug|Any CPU
		{D3CA3A54-114E-466D-9DAA-862380663DB0}.Release|Any CPU.ActiveCfg = Release|Any CPU
		{D3CA3A54-114E-466D-9DAA-862380663DB0}.Release|Any CPU.Build.0 = Release|Any CPU
		{91AC0E20-3249-4E52-B009-66E3CD1D5E2A}.Debug|Any CPU.ActiveCfg = Debug|Any CPU
		{91AC0E20-3249-4E52-B009-66E3CD1D5E2A}.Debug|Any CPU.Build.0 = Debug|Any CPU
		{91AC0E20-3249-4E52-B009-66E3CD1D5E2A}.Release|Any CPU.ActiveCfg = Release|Any CPU
		{91AC0E20-3249-4E52-B009-66E3CD1D5E2A}.Release|Any CPU.Build.0 = Release|Any CPU
		{C9F6754B-BC41-4A8A-A85B-96C348829A00}.Debug|Any CPU.ActiveCfg = Debug|Any CPU
		{C9F6754B-BC41-4A8A-A85B-96C348829A00}.Debug|Any CPU.Build.0 = Debug|Any CPU
		{C9F6754B-BC41-4A8A-A85B-96C348829A00}.Release|Any CPU.ActiveCfg = Release|Any CPU
		{C9F6754B-BC41-4A8A-A85B-96C348829A00}.Release|Any CPU.Build.0 = Release|Any CPU
	EndGlobalSection
	GlobalSection(SolutionProperties) = preSolution
		HideSolutionNode = FALSE
	EndGlobalSection
	GlobalSection(ExtensibilityGlobals) = postSolution
		SolutionGuid = {E9AD88C2-ACF3-4332-AD3E-9546E2C5AF07}
	EndGlobalSection
EndGlobal
