
Microsoft Visual Studio Solution File, Format Version 12.00
# Visual Studio Version 16
VisualStudioVersion = 16.0.30907.101
MinimumVisualStudioVersion = 10.0.40219.1
Project("{9A19103F-16F7-4668-BE54-9A1E7A4F7556}") = "01DayOfWeek", "DayOfWeek\01DayOfWeek.csproj", "{B37C79C5-DC85-47C8-84BA-3C6C9DA86829}"
EndProject
Project("{9A19103F-16F7-4668-BE54-9A1E7A4F7556}") = "02PrintNumbersInReverseOrder", "PrintNumbersInReverseOrder\02PrintNumbersInReverseOrder.csproj", "{E70CE495-81DE-4C9E-8955-B56580A36457}"
EndProject
Project("{9A19103F-16F7-4668-BE54-9A1E7A4F7556}") = "03RoundingNumbers", "RoundingNumbers\03RoundingNumbers.csproj", "{A6FDCF10-4B30-4E5F-8BBD-D444B7873073}"
EndProject
Project("{FAE04EC0-301F-11D3-BF4B-00C04F79EFBC}") = "04ReverseArrayOfStrings", "ReverseArrayOfStrings\04ReverseArrayOfStrings.csproj", "{252CF42C-FA26-4D74-9DEA-BA1EA9AE9BD8}"
EndProject
Project("{FAE04EC0-301F-11D3-BF4B-00C04F79EFBC}") = "05SumEvenNumbers", "SumEvenNumbers\05SumEvenNumbers.csproj", "{3647AFB9-FB5D-4D50-81AD-43F0A25671E5}"
EndProject
Project("{FAE04EC0-301F-11D3-BF4B-00C04F79EFBC}") = "06EvenAndOddSubtraction", "EvenAndOddSubtraction\06EvenAndOddSubtraction.csproj", "{51C1F801-5DA2-49E1-94F5-B34BD19F8905}"
EndProject
Project("{FAE04EC0-301F-11D3-BF4B-00C04F79EFBC}") = "07EqualArrays", "EqualArrays\07EqualArrays.csproj", "{97A3755C-CC60-4E2F-8E0E-80FE431940E7}"
EndProject
Project("{FAE04EC0-301F-11D3-BF4B-00C04F79EFBC}") = "08CondenseArrayToNumber", "CondenseArrayToNumber\08CondenseArrayToNumber.csproj", "{B43850B7-2AE2-40E9-917D-86F26A8699F9}"
EndProject
Global
	GlobalSection(SolutionConfigurationPlatforms) = preSolution
		Debug|Any CPU = Debug|Any CPU
		Release|Any CPU = Release|Any CPU
	EndGlobalSection
	GlobalSection(ProjectConfigurationPlatforms) = postSolution
		{B37C79C5-DC85-47C8-84BA-3C6C9DA86829}.Debug|Any CPU.ActiveCfg = Debug|Any CPU
		{B37C79C5-DC85-47C8-84BA-3C6C9DA86829}.Debug|Any CPU.Build.0 = Debug|Any CPU
		{B37C79C5-DC85-47C8-84BA-3C6C9DA86829}.Release|Any CPU.ActiveCfg = Release|Any CPU
		{B37C79C5-DC85-47C8-84BA-3C6C9DA86829}.Release|Any CPU.Build.0 = Release|Any CPU
		{E70CE495-81DE-4C9E-8955-B56580A36457}.Debug|Any CPU.ActiveCfg = Debug|Any CPU
		{E70CE495-81DE-4C9E-8955-B56580A36457}.Debug|Any CPU.Build.0 = Debug|Any CPU
		{E70CE495-81DE-4C9E-8955-B56580A36457}.Release|Any CPU.ActiveCfg = Release|Any CPU
		{E70CE495-81DE-4C9E-8955-B56580A36457}.Release|Any CPU.Build.0 = Release|Any CPU
		{A6FDCF10-4B30-4E5F-8BBD-D444B7873073}.Debug|Any CPU.ActiveCfg = Debug|Any CPU
		{A6FDCF10-4B30-4E5F-8BBD-D444B7873073}.Debug|Any CPU.Build.0 = Debug|Any CPU
		{A6FDCF10-4B30-4E5F-8BBD-D444B7873073}.Release|Any CPU.ActiveCfg = Release|Any CPU
		{A6FDCF10-4B30-4E5F-8BBD-D444B7873073}.Release|Any CPU.Build.0 = Release|Any CPU
		{252CF42C-FA26-4D74-9DEA-BA1EA9AE9BD8}.Debug|Any CPU.ActiveCfg = Debug|Any CPU
		{252CF42C-FA26-4D74-9DEA-BA1EA9AE9BD8}.Debug|Any CPU.Build.0 = Debug|Any CPU
		{252CF42C-FA26-4D74-9DEA-BA1EA9AE9BD8}.Release|Any CPU.ActiveCfg = Release|Any CPU
		{252CF42C-FA26-4D74-9DEA-BA1EA9AE9BD8}.Release|Any CPU.Build.0 = Release|Any CPU
		{3647AFB9-FB5D-4D50-81AD-43F0A25671E5}.Debug|Any CPU.ActiveCfg = Debug|Any CPU
		{3647AFB9-FB5D-4D50-81AD-43F0A25671E5}.Debug|Any CPU.Build.0 = Debug|Any CPU
		{3647AFB9-FB5D-4D50-81AD-43F0A25671E5}.Release|Any CPU.ActiveCfg = Release|Any CPU
		{3647AFB9-FB5D-4D50-81AD-43F0A25671E5}.Release|Any CPU.Build.0 = Release|Any CPU
		{51C1F801-5DA2-49E1-94F5-B34BD19F8905}.Debug|Any CPU.ActiveCfg = Debug|Any CPU
		{51C1F801-5DA2-49E1-94F5-B34BD19F8905}.Debug|Any CPU.Build.0 = Debug|Any CPU
		{51C1F801-5DA2-49E1-94F5-B34BD19F8905}.Release|Any CPU.ActiveCfg = Release|Any CPU
		{51C1F801-5DA2-49E1-94F5-B34BD19F8905}.Release|Any CPU.Build.0 = Release|Any CPU
		{97A3755C-CC60-4E2F-8E0E-80FE431940E7}.Debug|Any CPU.ActiveCfg = Debug|Any CPU
		{97A3755C-CC60-4E2F-8E0E-80FE431940E7}.Debug|Any CPU.Build.0 = Debug|Any CPU
		{97A3755C-CC60-4E2F-8E0E-80FE431940E7}.Release|Any CPU.ActiveCfg = Release|Any CPU
		{97A3755C-CC60-4E2F-8E0E-80FE431940E7}.Release|Any CPU.Build.0 = Release|Any CPU
		{B43850B7-2AE2-40E9-917D-86F26A8699F9}.Debug|Any CPU.ActiveCfg = Debug|Any CPU
		{B43850B7-2AE2-40E9-917D-86F26A8699F9}.Debug|Any CPU.Build.0 = Debug|Any CPU
		{B43850B7-2AE2-40E9-917D-86F26A8699F9}.Release|Any CPU.ActiveCfg = Release|Any CPU
		{B43850B7-2AE2-40E9-917D-86F26A8699F9}.Release|Any CPU.Build.0 = Release|Any CPU
	EndGlobalSection
	GlobalSection(SolutionProperties) = preSolution
		HideSolutionNode = FALSE
	EndGlobalSection
	GlobalSection(ExtensibilityGlobals) = postSolution
		SolutionGuid = {B6B78CC1-94E2-47AD-99D6-D859A511AF70}
	EndGlobalSection
EndGlobal
