
Microsoft Visual Studio Solution File, Format Version 12.00
# Visual Studio Version 16
VisualStudioVersion = 16.0.30804.86
MinimumVisualStudioVersion = 10.0.40219.1
Project("{FAE04EC0-301F-11D3-BF4B-00C04F79EFBC}") = "01SortNumbers", "SortNumbers\01SortNumbers.csproj", "{EF8CEDD8-840E-4E46-ACD3-502C2699CD30}"
EndProject
Project("{FAE04EC0-301F-11D3-BF4B-00C04F79EFBC}") = "02EnglishNameOfTheLastDigit", "EnglishNameOfTheLastDigit\02EnglishNameOfTheLastDigit.csproj", "{2BCF2B6C-2B22-4F71-A58C-34B642A8595A}"
EndProject
Project("{FAE04EC0-301F-11D3-BF4B-00C04F79EFBC}") = "03GamingStore", "GamingStore\03GamingStore.csproj", "{835C066E-05F0-4B23-A842-DD68EFA37832}"
EndProject
Project("{FAE04EC0-301F-11D3-BF4B-00C04F79EFBC}") = "04ReverseString", "ReverseString\04ReverseString.csproj", "{0A4C46C1-E7CE-4458-8199-ED4F622F5634}"
EndProject
Project("{FAE04EC0-301F-11D3-BF4B-00C04F79EFBC}") = "05Messages", "Messages\05Messages.csproj", "{96BC9D6A-B457-4E18-B640-45C06C4221BA}"
EndProject
Global
	GlobalSection(SolutionConfigurationPlatforms) = preSolution
		Debug|Any CPU = Debug|Any CPU
		Release|Any CPU = Release|Any CPU
	EndGlobalSection
	GlobalSection(ProjectConfigurationPlatforms) = postSolution
		{EF8CEDD8-840E-4E46-ACD3-502C2699CD30}.Debug|Any CPU.ActiveCfg = Debug|Any CPU
		{EF8CEDD8-840E-4E46-ACD3-502C2699CD30}.Debug|Any CPU.Build.0 = Debug|Any CPU
		{EF8CEDD8-840E-4E46-ACD3-502C2699CD30}.Release|Any CPU.ActiveCfg = Release|Any CPU
		{EF8CEDD8-840E-4E46-ACD3-502C2699CD30}.Release|Any CPU.Build.0 = Release|Any CPU
		{2BCF2B6C-2B22-4F71-A58C-34B642A8595A}.Debug|Any CPU.ActiveCfg = Debug|Any CPU
		{2BCF2B6C-2B22-4F71-A58C-34B642A8595A}.Debug|Any CPU.Build.0 = Debug|Any CPU
		{2BCF2B6C-2B22-4F71-A58C-34B642A8595A}.Release|Any CPU.ActiveCfg = Release|Any CPU
		{2BCF2B6C-2B22-4F71-A58C-34B642A8595A}.Release|Any CPU.Build.0 = Release|Any CPU
		{835C066E-05F0-4B23-A842-DD68EFA37832}.Debug|Any CPU.ActiveCfg = Debug|Any CPU
		{835C066E-05F0-4B23-A842-DD68EFA37832}.Debug|Any CPU.Build.0 = Debug|Any CPU
		{835C066E-05F0-4B23-A842-DD68EFA37832}.Release|Any CPU.ActiveCfg = Release|Any CPU
		{835C066E-05F0-4B23-A842-DD68EFA37832}.Release|Any CPU.Build.0 = Release|Any CPU
		{0A4C46C1-E7CE-4458-8199-ED4F622F5634}.Debug|Any CPU.ActiveCfg = Debug|Any CPU
		{0A4C46C1-E7CE-4458-8199-ED4F622F5634}.Debug|Any CPU.Build.0 = Debug|Any CPU
		{0A4C46C1-E7CE-4458-8199-ED4F622F5634}.Release|Any CPU.ActiveCfg = Release|Any CPU
		{0A4C46C1-E7CE-4458-8199-ED4F622F5634}.Release|Any CPU.Build.0 = Release|Any CPU
		{96BC9D6A-B457-4E18-B640-45C06C4221BA}.Debug|Any CPU.ActiveCfg = Debug|Any CPU
		{96BC9D6A-B457-4E18-B640-45C06C4221BA}.Debug|Any CPU.Build.0 = Debug|Any CPU
		{96BC9D6A-B457-4E18-B640-45C06C4221BA}.Release|Any CPU.ActiveCfg = Release|Any CPU
		{96BC9D6A-B457-4E18-B640-45C06C4221BA}.Release|Any CPU.Build.0 = Release|Any CPU
	EndGlobalSection
	GlobalSection(SolutionProperties) = preSolution
		HideSolutionNode = FALSE
	EndGlobalSection
	GlobalSection(ExtensibilityGlobals) = postSolution
		SolutionGuid = {37A0BE4E-FE0D-46DF-BE64-955A082E1918}
	EndGlobalSection
EndGlobal
