
Microsoft Visual Studio Solution File, Format Version 12.00
# Visual Studio Version 16
VisualStudioVersion = 16.0.30611.23
MinimumVisualStudioVersion = 10.0.40219.1
Project("{FAE04EC0-301F-11D3-BF4B-00C04F79EFBC}") = "Cinema", "Cinema\Cinema.csproj", "{E1EEE668-7BB2-4835-8855-3A106F0B9633}"
EndProject
Project("{FAE04EC0-301F-11D3-BF4B-00C04F79EFBC}") = "SummerOutfit", "SummerOutfit\SummerOutfit.csproj", "{45DC62DB-A71D-4BB9-96FE-6418243D2FAF}"
EndProject
Project("{FAE04EC0-301F-11D3-BF4B-00C04F79EFBC}") = "NewHouse", "NewHouse\NewHouse.csproj", "{8143D8E0-2ED1-49B5-9D40-98E4D9A2DBF2}"
EndProject
Project("{FAE04EC0-301F-11D3-BF4B-00C04F79EFBC}") = "FishingBoat", "FishingBoat\FishingBoat.csproj", "{0EE27CBC-714E-4C1A-AEFA-488276F2DDEA}"
EndProject
Project("{FAE04EC0-301F-11D3-BF4B-00C04F79EFBC}") = "Journey", "Journey\Journey.csproj", "{1EB200E1-84A1-44E0-9415-DC50AC4924A5}"
EndProject
Project("{FAE04EC0-301F-11D3-BF4B-00C04F79EFBC}") = "OperationsBetweenNumbers", "OperationsBetweenNumbers\OperationsBetweenNumbers.csproj", "{46F6E713-F848-44BF-80AF-7C912C1D7069}"
EndProject
Project("{FAE04EC0-301F-11D3-BF4B-00C04F79EFBC}") = "HotelRoom", "HotelRoom\HotelRoom.csproj", "{84EA5515-3A45-4BDC-96F2-AF7181D557E2}"
EndProject
Project("{FAE04EC0-301F-11D3-BF4B-00C04F79EFBC}") = "OnTimeForExam", "OnTimeForExam\OnTimeForExam.csproj", "{8BB01CA2-21B1-4CB4-A883-90629C45B61F}"
EndProject
Project("{FAE04EC0-301F-11D3-BF4B-00C04F79EFBC}") = "Volleyball", "Volleyball\Volleyball.csproj", "{03E7FF12-C067-4CC5-BC8E-B808F71324FE}"
EndProject
Global
	GlobalSection(SolutionConfigurationPlatforms) = preSolution
		Debug|Any CPU = Debug|Any CPU
		Release|Any CPU = Release|Any CPU
	EndGlobalSection
	GlobalSection(ProjectConfigurationPlatforms) = postSolution
		{E1EEE668-7BB2-4835-8855-3A106F0B9633}.Debug|Any CPU.ActiveCfg = Debug|Any CPU
		{E1EEE668-7BB2-4835-8855-3A106F0B9633}.Debug|Any CPU.Build.0 = Debug|Any CPU
		{E1EEE668-7BB2-4835-8855-3A106F0B9633}.Release|Any CPU.ActiveCfg = Release|Any CPU
		{E1EEE668-7BB2-4835-8855-3A106F0B9633}.Release|Any CPU.Build.0 = Release|Any CPU
		{45DC62DB-A71D-4BB9-96FE-6418243D2FAF}.Debug|Any CPU.ActiveCfg = Debug|Any CPU
		{45DC62DB-A71D-4BB9-96FE-6418243D2FAF}.Debug|Any CPU.Build.0 = Debug|Any CPU
		{45DC62DB-A71D-4BB9-96FE-6418243D2FAF}.Release|Any CPU.ActiveCfg = Release|Any CPU
		{45DC62DB-A71D-4BB9-96FE-6418243D2FAF}.Release|Any CPU.Build.0 = Release|Any CPU
		{8143D8E0-2ED1-49B5-9D40-98E4D9A2DBF2}.Debug|Any CPU.ActiveCfg = Debug|Any CPU
		{8143D8E0-2ED1-49B5-9D40-98E4D9A2DBF2}.Debug|Any CPU.Build.0 = Debug|Any CPU
		{8143D8E0-2ED1-49B5-9D40-98E4D9A2DBF2}.Release|Any CPU.ActiveCfg = Release|Any CPU
		{8143D8E0-2ED1-49B5-9D40-98E4D9A2DBF2}.Release|Any CPU.Build.0 = Release|Any CPU
		{0EE27CBC-714E-4C1A-AEFA-488276F2DDEA}.Debug|Any CPU.ActiveCfg = Debug|Any CPU
		{0EE27CBC-714E-4C1A-AEFA-488276F2DDEA}.Debug|Any CPU.Build.0 = Debug|Any CPU
		{0EE27CBC-714E-4C1A-AEFA-488276F2DDEA}.Release|Any CPU.ActiveCfg = Release|Any CPU
		{0EE27CBC-714E-4C1A-AEFA-488276F2DDEA}.Release|Any CPU.Build.0 = Release|Any CPU
		{1EB200E1-84A1-44E0-9415-DC50AC4924A5}.Debug|Any CPU.ActiveCfg = Debug|Any CPU
		{1EB200E1-84A1-44E0-9415-DC50AC4924A5}.Debug|Any CPU.Build.0 = Debug|Any CPU
		{1EB200E1-84A1-44E0-9415-DC50AC4924A5}.Release|Any CPU.ActiveCfg = Release|Any CPU
		{1EB200E1-84A1-44E0-9415-DC50AC4924A5}.Release|Any CPU.Build.0 = Release|Any CPU
		{46F6E713-F848-44BF-80AF-7C912C1D7069}.Debug|Any CPU.ActiveCfg = Debug|Any CPU
		{46F6E713-F848-44BF-80AF-7C912C1D7069}.Debug|Any CPU.Build.0 = Debug|Any CPU
		{46F6E713-F848-44BF-80AF-7C912C1D7069}.Release|Any CPU.ActiveCfg = Release|Any CPU
		{46F6E713-F848-44BF-80AF-7C912C1D7069}.Release|Any CPU.Build.0 = Release|Any CPU
		{84EA5515-3A45-4BDC-96F2-AF7181D557E2}.Debug|Any CPU.ActiveCfg = Debug|Any CPU
		{84EA5515-3A45-4BDC-96F2-AF7181D557E2}.Debug|Any CPU.Build.0 = Debug|Any CPU
		{84EA5515-3A45-4BDC-96F2-AF7181D557E2}.Release|Any CPU.ActiveCfg = Release|Any CPU
		{84EA5515-3A45-4BDC-96F2-AF7181D557E2}.Release|Any CPU.Build.0 = Release|Any CPU
		{8BB01CA2-21B1-4CB4-A883-90629C45B61F}.Debug|Any CPU.ActiveCfg = Debug|Any CPU
		{8BB01CA2-21B1-4CB4-A883-90629C45B61F}.Debug|Any CPU.Build.0 = Debug|Any CPU
		{8BB01CA2-21B1-4CB4-A883-90629C45B61F}.Release|Any CPU.ActiveCfg = Release|Any CPU
		{8BB01CA2-21B1-4CB4-A883-90629C45B61F}.Release|Any CPU.Build.0 = Release|Any CPU
		{03E7FF12-C067-4CC5-BC8E-B808F71324FE}.Debug|Any CPU.ActiveCfg = Debug|Any CPU
		{03E7FF12-C067-4CC5-BC8E-B808F71324FE}.Debug|Any CPU.Build.0 = Debug|Any CPU
		{03E7FF12-C067-4CC5-BC8E-B808F71324FE}.Release|Any CPU.ActiveCfg = Release|Any CPU
		{03E7FF12-C067-4CC5-BC8E-B808F71324FE}.Release|Any CPU.Build.0 = Release|Any CPU
	EndGlobalSection
	GlobalSection(SolutionProperties) = preSolution
		HideSolutionNode = FALSE
	EndGlobalSection
	GlobalSection(ExtensibilityGlobals) = postSolution
		SolutionGuid = {C3BC48A0-78BB-4456-A38D-93220601E438}
	EndGlobalSection
EndGlobal
