
Microsoft Visual Studio Solution File, Format Version 12.00
# Visual Studio Version 16
VisualStudioVersion = 16.0.31112.23
MinimumVisualStudioVersion = 10.0.40219.1
Project("{FAE04EC0-301F-11D3-BF4B-00C04F79EFBC}") = "DefiningClasses", "DefiningClasses\DefiningClasses.csproj", "{2B4C7DC6-2A94-44B4-BC69-9097175979C3}"
EndProject
Global
	GlobalSection(SolutionConfigurationPlatforms) = preSolution
		Debug|Any CPU = Debug|Any CPU
		Release|Any CPU = Release|Any CPU
	EndGlobalSection
	GlobalSection(ProjectConfigurationPlatforms) = postSolution
		{2B4C7DC6-2A94-44B4-BC69-9097175979C3}.Debug|Any CPU.ActiveCfg = Debug|Any CPU
		{2B4C7DC6-2A94-44B4-BC69-9097175979C3}.Debug|Any CPU.Build.0 = Debug|Any CPU
		{2B4C7DC6-2A94-44B4-BC69-9097175979C3}.Release|Any CPU.ActiveCfg = Release|Any CPU
		{2B4C7DC6-2A94-44B4-BC69-9097175979C3}.Release|Any CPU.Build.0 = Release|Any CPU
	EndGlobalSection
	GlobalSection(SolutionProperties) = preSolution
		HideSolutionNode = FALSE
	EndGlobalSection
	GlobalSection(ExtensibilityGlobals) = postSolution
		SolutionGuid = {0D5C9C08-07F7-4089-8F62-4A7D7709DD80}
	EndGlobalSection
EndGlobal
